// !$*UTF8*$!
{
	archiveVersion = 1;
	classes = {
	};
	objectVersion = 56;
	objects = {

/* Begin PBXBuildFile section */
		E01329D52BBCE3E1007D6F30 /* Model.swift in Sources */ = {isa = PBXBuildFile; fileRef = E01329D42BBCE3E1007D6F30 /* Model.swift */; };
		E01329DD2BBCECBB007D6F30 /* HomeView.swift in Sources */ = {isa = PBXBuildFile; fileRef = E01329DC2BBCECBB007D6F30 /* HomeView.swift */; };
		E01329DF2BBCED48007D6F30 /* PersonView.swift in Sources */ = {isa = PBXBuildFile; fileRef = E01329DE2BBCED48007D6F30 /* PersonView.swift */; };
		E01329E22BBCF0F9007D6F30 /* MatchViewModel.swift in Sources */ = {isa = PBXBuildFile; fileRef = E01329E12BBCF0F9007D6F30 /* MatchViewModel.swift */; };
		E01329E52BBD014C007D6F30 /* MatchView.swift in Sources */ = {isa = PBXBuildFile; fileRef = E01329E42BBD014C007D6F30 /* MatchView.swift */; };
		E01573C92BC61241009588A1 /* SwipeView.swift in Sources */ = {isa = PBXBuildFile; fileRef = E01573C82BC61241009588A1 /* SwipeView.swift */; };
		E047030F2BFD039B0071131C /* SwipeModel.swift in Sources */ = {isa = PBXBuildFile; fileRef = E047030E2BFD039B0071131C /* SwipeModel.swift */; };
		E04703112BFD043F0071131C /* SwipesService.swift in Sources */ = {isa = PBXBuildFile; fileRef = E04703102BFD043F0071131C /* SwipesService.swift */; };
		E04703132BFD04A90071131C /* ViewModel_Swipes.swift in Sources */ = {isa = PBXBuildFile; fileRef = E04703122BFD04A90071131C /* ViewModel_Swipes.swift */; };
		FA3F15B52C0490E000E58C2F /* UserModel.swift in Sources */ = {isa = PBXBuildFile; fileRef = FA3F15B42C0490E000E58C2F /* UserModel.swift */; };
		FA3F15B72C04956A00E58C2F /* ViewModel_User.swift in Sources */ = {isa = PBXBuildFile; fileRef = FA3F15B62C04956A00E58C2F /* ViewModel_User.swift */; };
		FA6BF4162BE0CC6900D08CF7 /* RidesService.swift in Sources */ = {isa = PBXBuildFile; fileRef = FA6BF4152BE0CC6900D08CF7 /* RidesService.swift */; };
		FA6BF4192BE0CDA000D08CF7 /* MatchesService.swift in Sources */ = {isa = PBXBuildFile; fileRef = FA6BF4182BE0CDA000D08CF7 /* MatchesService.swift */; };
		FA6BF41C2BE0CF3800D08CF7 /* RideModel.swift in Sources */ = {isa = PBXBuildFile; fileRef = FA6BF41B2BE0CF3800D08CF7 /* RideModel.swift */; };
		FA6BF41E2BE0CF4700D08CF7 /* MatchModel.swift in Sources */ = {isa = PBXBuildFile; fileRef = FA6BF41D2BE0CF4700D08CF7 /* MatchModel.swift */; };
		FA6BF4212BE0D6EC00D08CF7 /* ViewModel_Rides.swift in Sources */ = {isa = PBXBuildFile; fileRef = FA6BF4202BE0D6EC00D08CF7 /* ViewModel_Rides.swift */; };
		FA6BF4232BE0D83F00D08CF7 /* ViewModel_Matches.swift in Sources */ = {isa = PBXBuildFile; fileRef = FA6BF4222BE0D83F00D08CF7 /* ViewModel_Matches.swift */; };
		FA6BF4252BE0E0E200D08CF7 /* MatchManager.swift in Sources */ = {isa = PBXBuildFile; fileRef = FA6BF4242BE0E0E200D08CF7 /* MatchManager.swift */; };
		FA6D79662B97A9DD0054535A /* LocationManager.swift in Sources */ = {isa = PBXBuildFile; fileRef = FA6D79652B97A9DD0054535A /* LocationManager.swift */; };
		FAC3495C2C05BBA900A1F247 /* UserService.swift in Sources */ = {isa = PBXBuildFile; fileRef = FAC3495B2C05BBA900A1F247 /* UserService.swift */; };
		FAF6E6072B970BF600CAAD7E /* DrivUsApp.swift in Sources */ = {isa = PBXBuildFile; fileRef = FAF6E6062B970BF600CAAD7E /* DrivUsApp.swift */; };
		FAF6E6092B970BF600CAAD7E /* ContentView.swift in Sources */ = {isa = PBXBuildFile; fileRef = FAF6E6082B970BF600CAAD7E /* ContentView.swift */; };
		FAF6E60B2B970BF800CAAD7E /* Assets.xcassets in Resources */ = {isa = PBXBuildFile; fileRef = FAF6E60A2B970BF800CAAD7E /* Assets.xcassets */; };
		FAF6E60E2B970BF800CAAD7E /* Preview Assets.xcassets in Resources */ = {isa = PBXBuildFile; fileRef = FAF6E60D2B970BF800CAAD7E /* Preview Assets.xcassets */; };
		FAF6E6182B970BF800CAAD7E /* DrivUsTests.swift in Sources */ = {isa = PBXBuildFile; fileRef = FAF6E6172B970BF800CAAD7E /* DrivUsTests.swift */; };
		FAF6E6222B970BF800CAAD7E /* DrivUsUITests.swift in Sources */ = {isa = PBXBuildFile; fileRef = FAF6E6212B970BF800CAAD7E /* DrivUsUITests.swift */; };
		FAF6E6242B970BF800CAAD7E /* DrivUsUITestsLaunchTests.swift in Sources */ = {isa = PBXBuildFile; fileRef = FAF6E6232B970BF800CAAD7E /* DrivUsUITestsLaunchTests.swift */; };
/* End PBXBuildFile section */

/* Begin PBXContainerItemProxy section */
		FAF6E6142B970BF800CAAD7E /* PBXContainerItemProxy */ = {
			isa = PBXContainerItemProxy;
			containerPortal = FAF6E5FB2B970BF600CAAD7E /* Project object */;
			proxyType = 1;
			remoteGlobalIDString = FAF6E6022B970BF600CAAD7E;
			remoteInfo = DrivUs;
		};
		FAF6E61E2B970BF800CAAD7E /* PBXContainerItemProxy */ = {
			isa = PBXContainerItemProxy;
			containerPortal = FAF6E5FB2B970BF600CAAD7E /* Project object */;
			proxyType = 1;
			remoteGlobalIDString = FAF6E6022B970BF600CAAD7E;
			remoteInfo = DrivUs;
		};
/* End PBXContainerItemProxy section */

/* Begin PBXFileReference section */
		E01329D42BBCE3E1007D6F30 /* Model.swift */ = {isa = PBXFileReference; lastKnownFileType = sourcecode.swift; path = Model.swift; sourceTree = "<group>"; };
		E01329DC2BBCECBB007D6F30 /* HomeView.swift */ = {isa = PBXFileReference; lastKnownFileType = sourcecode.swift; path = HomeView.swift; sourceTree = "<group>"; };
		E01329DE2BBCED48007D6F30 /* PersonView.swift */ = {isa = PBXFileReference; lastKnownFileType = sourcecode.swift; path = PersonView.swift; sourceTree = "<group>"; };
		E01329E12BBCF0F9007D6F30 /* MatchViewModel.swift */ = {isa = PBXFileReference; lastKnownFileType = sourcecode.swift; path = MatchViewModel.swift; sourceTree = "<group>"; };
		E01329E42BBD014C007D6F30 /* MatchView.swift */ = {isa = PBXFileReference; lastKnownFileType = sourcecode.swift; path = MatchView.swift; sourceTree = "<group>"; };
		E01573C82BC61241009588A1 /* SwipeView.swift */ = {isa = PBXFileReference; lastKnownFileType = sourcecode.swift; path = SwipeView.swift; sourceTree = "<group>"; };
		E047030E2BFD039B0071131C /* SwipeModel.swift */ = {isa = PBXFileReference; lastKnownFileType = sourcecode.swift; path = SwipeModel.swift; sourceTree = "<group>"; };
		E04703102BFD043F0071131C /* SwipesService.swift */ = {isa = PBXFileReference; lastKnownFileType = sourcecode.swift; path = SwipesService.swift; sourceTree = "<group>"; };
		E04703122BFD04A90071131C /* ViewModel_Swipes.swift */ = {isa = PBXFileReference; lastKnownFileType = sourcecode.swift; path = ViewModel_Swipes.swift; sourceTree = "<group>"; };
		FA3F15B42C0490E000E58C2F /* UserModel.swift */ = {isa = PBXFileReference; lastKnownFileType = sourcecode.swift; path = UserModel.swift; sourceTree = "<group>"; };
		FA3F15B62C04956A00E58C2F /* ViewModel_User.swift */ = {isa = PBXFileReference; lastKnownFileType = sourcecode.swift; path = ViewModel_User.swift; sourceTree = "<group>"; };
		FA6BF4152BE0CC6900D08CF7 /* RidesService.swift */ = {isa = PBXFileReference; lastKnownFileType = sourcecode.swift; path = RidesService.swift; sourceTree = "<group>"; };
		FA6BF4182BE0CDA000D08CF7 /* MatchesService.swift */ = {isa = PBXFileReference; lastKnownFileType = sourcecode.swift; path = MatchesService.swift; sourceTree = "<group>"; };
		FA6BF41B2BE0CF3800D08CF7 /* RideModel.swift */ = {isa = PBXFileReference; lastKnownFileType = sourcecode.swift; path = RideModel.swift; sourceTree = "<group>"; };
		FA6BF41D2BE0CF4700D08CF7 /* MatchModel.swift */ = {isa = PBXFileReference; lastKnownFileType = sourcecode.swift; path = MatchModel.swift; sourceTree = "<group>"; };
		FA6BF4202BE0D6EC00D08CF7 /* ViewModel_Rides.swift */ = {isa = PBXFileReference; lastKnownFileType = sourcecode.swift; path = ViewModel_Rides.swift; sourceTree = "<group>"; };
		FA6BF4222BE0D83F00D08CF7 /* ViewModel_Matches.swift */ = {isa = PBXFileReference; lastKnownFileType = sourcecode.swift; path = ViewModel_Matches.swift; sourceTree = "<group>"; };
		FA6BF4242BE0E0E200D08CF7 /* MatchManager.swift */ = {isa = PBXFileReference; lastKnownFileType = sourcecode.swift; path = MatchManager.swift; sourceTree = "<group>"; };
		FA6D79652B97A9DD0054535A /* LocationManager.swift */ = {isa = PBXFileReference; lastKnownFileType = sourcecode.swift; path = LocationManager.swift; sourceTree = "<group>"; };
		FAC3495B2C05BBA900A1F247 /* UserService.swift */ = {isa = PBXFileReference; lastKnownFileType = sourcecode.swift; path = UserService.swift; sourceTree = "<group>"; };
		FAF6E6032B970BF600CAAD7E /* DrivUs.app */ = {isa = PBXFileReference; explicitFileType = wrapper.application; includeInIndex = 0; path = DrivUs.app; sourceTree = BUILT_PRODUCTS_DIR; };
		FAF6E6062B970BF600CAAD7E /* DrivUsApp.swift */ = {isa = PBXFileReference; lastKnownFileType = sourcecode.swift; path = DrivUsApp.swift; sourceTree = "<group>"; };
		FAF6E6082B970BF600CAAD7E /* ContentView.swift */ = {isa = PBXFileReference; lastKnownFileType = sourcecode.swift; path = ContentView.swift; sourceTree = "<group>"; };
		FAF6E60A2B970BF800CAAD7E /* Assets.xcassets */ = {isa = PBXFileReference; lastKnownFileType = folder.assetcatalog; path = Assets.xcassets; sourceTree = "<group>"; };
		FAF6E60D2B970BF800CAAD7E /* Preview Assets.xcassets */ = {isa = PBXFileReference; lastKnownFileType = folder.assetcatalog; path = "Preview Assets.xcassets"; sourceTree = "<group>"; };
		FAF6E6132B970BF800CAAD7E /* DrivUsTests.xctest */ = {isa = PBXFileReference; explicitFileType = wrapper.cfbundle; includeInIndex = 0; path = DrivUsTests.xctest; sourceTree = BUILT_PRODUCTS_DIR; };
		FAF6E6172B970BF800CAAD7E /* DrivUsTests.swift */ = {isa = PBXFileReference; lastKnownFileType = sourcecode.swift; path = DrivUsTests.swift; sourceTree = "<group>"; };
		FAF6E61D2B970BF800CAAD7E /* DrivUsUITests.xctest */ = {isa = PBXFileReference; explicitFileType = wrapper.cfbundle; includeInIndex = 0; path = DrivUsUITests.xctest; sourceTree = BUILT_PRODUCTS_DIR; };
		FAF6E6212B970BF800CAAD7E /* DrivUsUITests.swift */ = {isa = PBXFileReference; lastKnownFileType = sourcecode.swift; path = DrivUsUITests.swift; sourceTree = "<group>"; };
		FAF6E6232B970BF800CAAD7E /* DrivUsUITestsLaunchTests.swift */ = {isa = PBXFileReference; lastKnownFileType = sourcecode.swift; path = DrivUsUITestsLaunchTests.swift; sourceTree = "<group>"; };
/* End PBXFileReference section */

/* Begin PBXFrameworksBuildPhase section */
		FAF6E6002B970BF600CAAD7E /* Frameworks */ = {
			isa = PBXFrameworksBuildPhase;
			buildActionMask = 2147483647;
			files = (
			);
			runOnlyForDeploymentPostprocessing = 0;
		};
		FAF6E6102B970BF800CAAD7E /* Frameworks */ = {
			isa = PBXFrameworksBuildPhase;
			buildActionMask = 2147483647;
			files = (
			);
			runOnlyForDeploymentPostprocessing = 0;
		};
		FAF6E61A2B970BF800CAAD7E /* Frameworks */ = {
			isa = PBXFrameworksBuildPhase;
			buildActionMask = 2147483647;
			files = (
			);
			runOnlyForDeploymentPostprocessing = 0;
		};
/* End PBXFrameworksBuildPhase section */

/* Begin PBXGroup section */
		E01329E02BBCED57007D6F30 /* View */ = {
			isa = PBXGroup;
			children = (
				E01329DE2BBCED48007D6F30 /* PersonView.swift */,
				E01329DC2BBCECBB007D6F30 /* HomeView.swift */,
				E01329E42BBD014C007D6F30 /* MatchView.swift */,
				E01573C82BC61241009588A1 /* SwipeView.swift */,
			);
			path = View;
			sourceTree = "<group>";
		};
		E01329E32BBCF109007D6F30 /* ViewModel */ = {
			isa = PBXGroup;
			children = (
				E01329E12BBCF0F9007D6F30 /* MatchViewModel.swift */,
				FA6BF4202BE0D6EC00D08CF7 /* ViewModel_Rides.swift */,
				FA6BF4222BE0D83F00D08CF7 /* ViewModel_Matches.swift */,
				E04703122BFD04A90071131C /* ViewModel_Swipes.swift */,
				FA3F15B62C04956A00E58C2F /* ViewModel_User.swift */,
			);
			path = ViewModel;
			sourceTree = "<group>";
		};
		FA6BF41A2BE0CDA800D08CF7 /* Service */ = {
			isa = PBXGroup;
			children = (
				FA6BF4152BE0CC6900D08CF7 /* RidesService.swift */,
				FA6BF4182BE0CDA000D08CF7 /* MatchesService.swift */,
				E04703102BFD043F0071131C /* SwipesService.swift */,
				FAC3495B2C05BBA900A1F247 /* UserService.swift */,
			);
			path = Service;
			sourceTree = "<group>";
		};
		FA6BF41F2BE0CF4E00D08CF7 /* Model */ = {
			isa = PBXGroup;
			children = (
				FA6BF41D2BE0CF4700D08CF7 /* MatchModel.swift */,
				FA6BF41B2BE0CF3800D08CF7 /* RideModel.swift */,
				E047030E2BFD039B0071131C /* SwipeModel.swift */,
				FA3F15B42C0490E000E58C2F /* UserModel.swift */,
			);
			path = Model;
			sourceTree = "<group>";
		};
		FA6BF4262BE0E0E700D08CF7 /* Management */ = {
			isa = PBXGroup;
			children = (
				FA6BF4242BE0E0E200D08CF7 /* MatchManager.swift */,
				FA6D79652B97A9DD0054535A /* LocationManager.swift */,
			);
			path = Management;
			sourceTree = "<group>";
		};
		FAF6E5FA2B970BF600CAAD7E = {
			isa = PBXGroup;
			children = (
				FAF6E6052B970BF600CAAD7E /* DrivUs */,
				FAF6E6162B970BF800CAAD7E /* DrivUsTests */,
				FAF6E6202B970BF800CAAD7E /* DrivUsUITests */,
				FAF6E6042B970BF600CAAD7E /* Products */,
			);
			sourceTree = "<group>";
		};
		FAF6E6042B970BF600CAAD7E /* Products */ = {
			isa = PBXGroup;
			children = (
				FAF6E6032B970BF600CAAD7E /* DrivUs.app */,
				FAF6E6132B970BF800CAAD7E /* DrivUsTests.xctest */,
				FAF6E61D2B970BF800CAAD7E /* DrivUsUITests.xctest */,
			);
			name = Products;
			sourceTree = "<group>";
		};
		FAF6E6052B970BF600CAAD7E /* DrivUs */ = {
			isa = PBXGroup;
			children = (
				E01329E32BBCF109007D6F30 /* ViewModel */,
				E01329E02BBCED57007D6F30 /* View */,
				FAF6E6062B970BF600CAAD7E /* DrivUsApp.swift */,
				FAF6E6082B970BF600CAAD7E /* ContentView.swift */,
				E01329D42BBCE3E1007D6F30 /* Model.swift */,
				FAF6E60A2B970BF800CAAD7E /* Assets.xcassets */,
				FAF6E60C2B970BF800CAAD7E /* Preview Content */,
				FA6BF4262BE0E0E700D08CF7 /* Management */,
				FA6BF41A2BE0CDA800D08CF7 /* Service */,
				FA6BF41F2BE0CF4E00D08CF7 /* Model */,
			);
			path = DrivUs;
			sourceTree = "<group>";
		};
		FAF6E60C2B970BF800CAAD7E /* Preview Content */ = {
			isa = PBXGroup;
			children = (
				FAF6E60D2B970BF800CAAD7E /* Preview Assets.xcassets */,
			);
			path = "Preview Content";
			sourceTree = "<group>";
		};
		FAF6E6162B970BF800CAAD7E /* DrivUsTests */ = {
			isa = PBXGroup;
			children = (
				FAF6E6172B970BF800CAAD7E /* DrivUsTests.swift */,
			);
			path = DrivUsTests;
			sourceTree = "<group>";
		};
		FAF6E6202B970BF800CAAD7E /* DrivUsUITests */ = {
			isa = PBXGroup;
			children = (
				FAF6E6212B970BF800CAAD7E /* DrivUsUITests.swift */,
				FAF6E6232B970BF800CAAD7E /* DrivUsUITestsLaunchTests.swift */,
			);
			path = DrivUsUITests;
			sourceTree = "<group>";
		};
/* End PBXGroup section */

/* Begin PBXNativeTarget section */
		FAF6E6022B970BF600CAAD7E /* DrivUs */ = {
			isa = PBXNativeTarget;
			buildConfigurationList = FAF6E6272B970BF800CAAD7E /* Build configuration list for PBXNativeTarget "DrivUs" */;
			buildPhases = (
				FAF6E5FF2B970BF600CAAD7E /* Sources */,
				FAF6E6002B970BF600CAAD7E /* Frameworks */,
				FAF6E6012B970BF600CAAD7E /* Resources */,
			);
			buildRules = (
			);
			dependencies = (
			);
			name = DrivUs;
			productName = DrivUs;
			productReference = FAF6E6032B970BF600CAAD7E /* DrivUs.app */;
			productType = "com.apple.product-type.application";
		};
		FAF6E6122B970BF800CAAD7E /* DrivUsTests */ = {
			isa = PBXNativeTarget;
			buildConfigurationList = FAF6E62A2B970BF800CAAD7E /* Build configuration list for PBXNativeTarget "DrivUsTests" */;
			buildPhases = (
				FAF6E60F2B970BF800CAAD7E /* Sources */,
				FAF6E6102B970BF800CAAD7E /* Frameworks */,
				FAF6E6112B970BF800CAAD7E /* Resources */,
			);
			buildRules = (
			);
			dependencies = (
				FAF6E6152B970BF800CAAD7E /* PBXTargetDependency */,
			);
			name = DrivUsTests;
			productName = DrivUsTests;
			productReference = FAF6E6132B970BF800CAAD7E /* DrivUsTests.xctest */;
			productType = "com.apple.product-type.bundle.unit-test";
		};
		FAF6E61C2B970BF800CAAD7E /* DrivUsUITests */ = {
			isa = PBXNativeTarget;
			buildConfigurationList = FAF6E62D2B970BF800CAAD7E /* Build configuration list for PBXNativeTarget "DrivUsUITests" */;
			buildPhases = (
				FAF6E6192B970BF800CAAD7E /* Sources */,
				FAF6E61A2B970BF800CAAD7E /* Frameworks */,
				FAF6E61B2B970BF800CAAD7E /* Resources */,
			);
			buildRules = (
			);
			dependencies = (
				FAF6E61F2B970BF800CAAD7E /* PBXTargetDependency */,
			);
			name = DrivUsUITests;
			productName = DrivUsUITests;
			productReference = FAF6E61D2B970BF800CAAD7E /* DrivUsUITests.xctest */;
			productType = "com.apple.product-type.bundle.ui-testing";
		};
/* End PBXNativeTarget section */

/* Begin PBXProject section */
		FAF6E5FB2B970BF600CAAD7E /* Project object */ = {
			isa = PBXProject;
			attributes = {
				BuildIndependentTargetsInParallel = 1;
				LastSwiftUpdateCheck = 1500;
				LastUpgradeCheck = 1500;
				TargetAttributes = {
					FAF6E6022B970BF600CAAD7E = {
						CreatedOnToolsVersion = 15.0;
					};
					FAF6E6122B970BF800CAAD7E = {
						CreatedOnToolsVersion = 15.0;
						TestTargetID = FAF6E6022B970BF600CAAD7E;
					};
					FAF6E61C2B970BF800CAAD7E = {
						CreatedOnToolsVersion = 15.0;
						TestTargetID = FAF6E6022B970BF600CAAD7E;
					};
				};
			};
			buildConfigurationList = FAF6E5FE2B970BF600CAAD7E /* Build configuration list for PBXProject "DrivUs" */;
			compatibilityVersion = "Xcode 14.0";
			developmentRegion = en;
			hasScannedForEncodings = 0;
			knownRegions = (
				en,
				Base,
			);
			mainGroup = FAF6E5FA2B970BF600CAAD7E;
			productRefGroup = FAF6E6042B970BF600CAAD7E /* Products */;
			projectDirPath = "";
			projectRoot = "";
			targets = (
				FAF6E6022B970BF600CAAD7E /* DrivUs */,
				FAF6E6122B970BF800CAAD7E /* DrivUsTests */,
				FAF6E61C2B970BF800CAAD7E /* DrivUsUITests */,
			);
		};
/* End PBXProject section */

/* Begin PBXResourcesBuildPhase section */
		FAF6E6012B970BF600CAAD7E /* Resources */ = {
			isa = PBXResourcesBuildPhase;
			buildActionMask = 2147483647;
			files = (
				FAF6E60E2B970BF800CAAD7E /* Preview Assets.xcassets in Resources */,
				FAF6E60B2B970BF800CAAD7E /* Assets.xcassets in Resources */,
			);
			runOnlyForDeploymentPostprocessing = 0;
		};
		FAF6E6112B970BF800CAAD7E /* Resources */ = {
			isa = PBXResourcesBuildPhase;
			buildActionMask = 2147483647;
			files = (
			);
			runOnlyForDeploymentPostprocessing = 0;
		};
		FAF6E61B2B970BF800CAAD7E /* Resources */ = {
			isa = PBXResourcesBuildPhase;
			buildActionMask = 2147483647;
			files = (
			);
			runOnlyForDeploymentPostprocessing = 0;
		};
/* End PBXResourcesBuildPhase section */

/* Begin PBXSourcesBuildPhase section */
		FAF6E5FF2B970BF600CAAD7E /* Sources */ = {
			isa = PBXSourcesBuildPhase;
			buildActionMask = 2147483647;
			files = (
				FA6BF4232BE0D83F00D08CF7 /* ViewModel_Matches.swift in Sources */,
				E04703132BFD04A90071131C /* ViewModel_Swipes.swift in Sources */,
				FA6BF4162BE0CC6900D08CF7 /* RidesService.swift in Sources */,
				E01329D52BBCE3E1007D6F30 /* Model.swift in Sources */,
				FA6BF41E2BE0CF4700D08CF7 /* MatchModel.swift in Sources */,
				E047030F2BFD039B0071131C /* SwipeModel.swift in Sources */,
				FAC3495C2C05BBA900A1F247 /* UserService.swift in Sources */,
				FAF6E6092B970BF600CAAD7E /* ContentView.swift in Sources */,
				FA6BF4252BE0E0E200D08CF7 /* MatchManager.swift in Sources */,
				E01329E22BBCF0F9007D6F30 /* MatchViewModel.swift in Sources */,
				E04703112BFD043F0071131C /* SwipesService.swift in Sources */,
				E01573C92BC61241009588A1 /* SwipeView.swift in Sources */,
				E01329E52BBD014C007D6F30 /* MatchView.swift in Sources */,
				FA6BF4192BE0CDA000D08CF7 /* MatchesService.swift in Sources */,
				E01329DD2BBCECBB007D6F30 /* HomeView.swift in Sources */,
				FAF6E6072B970BF600CAAD7E /* DrivUsApp.swift in Sources */,
				FA6D79662B97A9DD0054535A /* LocationManager.swift in Sources */,
				E01329DF2BBCED48007D6F30 /* PersonView.swift in Sources */,
				FA6BF4212BE0D6EC00D08CF7 /* ViewModel_Rides.swift in Sources */,
				FA3F15B52C0490E000E58C2F /* UserModel.swift in Sources */,
				FA3F15B72C04956A00E58C2F /* ViewModel_User.swift in Sources */,
				FA6BF41C2BE0CF3800D08CF7 /* RideModel.swift in Sources */,
			);
			runOnlyForDeploymentPostprocessing = 0;
		};
		FAF6E60F2B970BF800CAAD7E /* Sources */ = {
			isa = PBXSourcesBuildPhase;
			buildActionMask = 2147483647;
			files = (
				FAF6E6182B970BF800CAAD7E /* DrivUsTests.swift in Sources */,
			);
			runOnlyForDeploymentPostprocessing = 0;
		};
		FAF6E6192B970BF800CAAD7E /* Sources */ = {
			isa = PBXSourcesBuildPhase;
			buildActionMask = 2147483647;
			files = (
				FAF6E6222B970BF800CAAD7E /* DrivUsUITests.swift in Sources */,
				FAF6E6242B970BF800CAAD7E /* DrivUsUITestsLaunchTests.swift in Sources */,
			);
			runOnlyForDeploymentPostprocessing = 0;
		};
/* End PBXSourcesBuildPhase section */

/* Begin PBXTargetDependency section */
		FAF6E6152B970BF800CAAD7E /* PBXTargetDependency */ = {
			isa = PBXTargetDependency;
			target = FAF6E6022B970BF600CAAD7E /* DrivUs */;
			targetProxy = FAF6E6142B970BF800CAAD7E /* PBXContainerItemProxy */;
		};
		FAF6E61F2B970BF800CAAD7E /* PBXTargetDependency */ = {
			isa = PBXTargetDependency;
			target = FAF6E6022B970BF600CAAD7E /* DrivUs */;
			targetProxy = FAF6E61E2B970BF800CAAD7E /* PBXContainerItemProxy */;
		};
/* End PBXTargetDependency section */

/* Begin XCBuildConfiguration section */
		FAF6E6252B970BF800CAAD7E /* Debug */ = {
			isa = XCBuildConfiguration;
			buildSettings = {
				ALWAYS_SEARCH_USER_PATHS = NO;
				ASSETCATALOG_COMPILER_GENERATE_SWIFT_ASSET_SYMBOL_EXTENSIONS = YES;
				CLANG_ANALYZER_NONNULL = YES;
				CLANG_ANALYZER_NUMBER_OBJECT_CONVERSION = YES_AGGRESSIVE;
				CLANG_CXX_LANGUAGE_STANDARD = "gnu++20";
				CLANG_ENABLE_MODULES = YES;
				CLANG_ENABLE_OBJC_ARC = YES;
				CLANG_ENABLE_OBJC_WEAK = YES;
				CLANG_WARN_BLOCK_CAPTURE_AUTORELEASING = YES;
				CLANG_WARN_BOOL_CONVERSION = YES;
				CLANG_WARN_COMMA = YES;
				CLANG_WARN_CONSTANT_CONVERSION = YES;
				CLANG_WARN_DEPRECATED_OBJC_IMPLEMENTATIONS = YES;
				CLANG_WARN_DIRECT_OBJC_ISA_USAGE = YES_ERROR;
				CLANG_WARN_DOCUMENTATION_COMMENTS = YES;
				CLANG_WARN_EMPTY_BODY = YES;
				CLANG_WARN_ENUM_CONVERSION = YES;
				CLANG_WARN_INFINITE_RECURSION = YES;
				CLANG_WARN_INT_CONVERSION = YES;
				CLANG_WARN_NON_LITERAL_NULL_CONVERSION = YES;
				CLANG_WARN_OBJC_IMPLICIT_RETAIN_SELF = YES;
				CLANG_WARN_OBJC_LITERAL_CONVERSION = YES;
				CLANG_WARN_OBJC_ROOT_CLASS = YES_ERROR;
				CLANG_WARN_QUOTED_INCLUDE_IN_FRAMEWORK_HEADER = YES;
				CLANG_WARN_RANGE_LOOP_ANALYSIS = YES;
				CLANG_WARN_STRICT_PROTOTYPES = YES;
				CLANG_WARN_SUSPICIOUS_MOVE = YES;
				CLANG_WARN_UNGUARDED_AVAILABILITY = YES_AGGRESSIVE;
				CLANG_WARN_UNREACHABLE_CODE = YES;
				CLANG_WARN__DUPLICATE_METHOD_MATCH = YES;
				COPY_PHASE_STRIP = NO;
				DEBUG_INFORMATION_FORMAT = dwarf;
				ENABLE_STRICT_OBJC_MSGSEND = YES;
				ENABLE_TESTABILITY = YES;
				ENABLE_USER_SCRIPT_SANDBOXING = YES;
				GCC_C_LANGUAGE_STANDARD = gnu17;
				GCC_DYNAMIC_NO_PIC = NO;
				GCC_NO_COMMON_BLOCKS = YES;
				GCC_OPTIMIZATION_LEVEL = 0;
				GCC_PREPROCESSOR_DEFINITIONS = (
					"DEBUG=1",
					"$(inherited)",
				);
				GCC_WARN_64_TO_32_BIT_CONVERSION = YES;
				GCC_WARN_ABOUT_RETURN_TYPE = YES_ERROR;
				GCC_WARN_UNDECLARED_SELECTOR = YES;
				GCC_WARN_UNINITIALIZED_AUTOS = YES_AGGRESSIVE;
				GCC_WARN_UNUSED_FUNCTION = YES;
				GCC_WARN_UNUSED_VARIABLE = YES;
				IPHONEOS_DEPLOYMENT_TARGET = 17.0;
				LOCALIZATION_PREFERS_STRING_CATALOGS = YES;
				MTL_ENABLE_DEBUG_INFO = INCLUDE_SOURCE;
				MTL_FAST_MATH = YES;
				ONLY_ACTIVE_ARCH = YES;
				SDKROOT = iphoneos;
				SWIFT_ACTIVE_COMPILATION_CONDITIONS = "DEBUG $(inherited)";
				SWIFT_OPTIMIZATION_LEVEL = "-Onone";
			};
			name = Debug;
		};
		FAF6E6262B970BF800CAAD7E /* Release */ = {
			isa = XCBuildConfiguration;
			buildSettings = {
				ALWAYS_SEARCH_USER_PATHS = NO;
				ASSETCATALOG_COMPILER_GENERATE_SWIFT_ASSET_SYMBOL_EXTENSIONS = YES;
				CLANG_ANALYZER_NONNULL = YES;
				CLANG_ANALYZER_NUMBER_OBJECT_CONVERSION = YES_AGGRESSIVE;
				CLANG_CXX_LANGUAGE_STANDARD = "gnu++20";
				CLANG_ENABLE_MODULES = YES;
				CLANG_ENABLE_OBJC_ARC = YES;
				CLANG_ENABLE_OBJC_WEAK = YES;
				CLANG_WARN_BLOCK_CAPTURE_AUTORELEASING = YES;
				CLANG_WARN_BOOL_CONVERSION = YES;
				CLANG_WARN_COMMA = YES;
				CLANG_WARN_CONSTANT_CONVERSION = YES;
				CLANG_WARN_DEPRECATED_OBJC_IMPLEMENTATIONS = YES;
				CLANG_WARN_DIRECT_OBJC_ISA_USAGE = YES_ERROR;
				CLANG_WARN_DOCUMENTATION_COMMENTS = YES;
				CLANG_WARN_EMPTY_BODY = YES;
				CLANG_WARN_ENUM_CONVERSION = YES;
				CLANG_WARN_INFINITE_RECURSION = YES;
				CLANG_WARN_INT_CONVERSION = YES;
				CLANG_WARN_NON_LITERAL_NULL_CONVERSION = YES;
				CLANG_WARN_OBJC_IMPLICIT_RETAIN_SELF = YES;
				CLANG_WARN_OBJC_LITERAL_CONVERSION = YES;
				CLANG_WARN_OBJC_ROOT_CLASS = YES_ERROR;
				CLANG_WARN_QUOTED_INCLUDE_IN_FRAMEWORK_HEADER = YES;
				CLANG_WARN_RANGE_LOOP_ANALYSIS = YES;
				CLANG_WARN_STRICT_PROTOTYPES = YES;
				CLANG_WARN_SUSPICIOUS_MOVE = YES;
				CLANG_WARN_UNGUARDED_AVAILABILITY = YES_AGGRESSIVE;
				CLANG_WARN_UNREACHABLE_CODE = YES;
				CLANG_WARN__DUPLICATE_METHOD_MATCH = YES;
				COPY_PHASE_STRIP = NO;
				DEBUG_INFORMATION_FORMAT = "dwarf-with-dsym";
				ENABLE_NS_ASSERTIONS = NO;
				ENABLE_STRICT_OBJC_MSGSEND = YES;
				ENABLE_USER_SCRIPT_SANDBOXING = YES;
				GCC_C_LANGUAGE_STANDARD = gnu17;
				GCC_NO_COMMON_BLOCKS = YES;
				GCC_WARN_64_TO_32_BIT_CONVERSION = YES;
				GCC_WARN_ABOUT_RETURN_TYPE = YES_ERROR;
				GCC_WARN_UNDECLARED_SELECTOR = YES;
				GCC_WARN_UNINITIALIZED_AUTOS = YES_AGGRESSIVE;
				GCC_WARN_UNUSED_FUNCTION = YES;
				GCC_WARN_UNUSED_VARIABLE = YES;
				IPHONEOS_DEPLOYMENT_TARGET = 17.0;
				LOCALIZATION_PREFERS_STRING_CATALOGS = YES;
				MTL_ENABLE_DEBUG_INFO = NO;
				MTL_FAST_MATH = YES;
				SDKROOT = iphoneos;
				SWIFT_COMPILATION_MODE = wholemodule;
				VALIDATE_PRODUCT = YES;
			};
			name = Release;
		};
		FAF6E6282B970BF800CAAD7E /* Debug */ = {
			isa = XCBuildConfiguration;
			buildSettings = {
				ASSETCATALOG_COMPILER_APPICON_NAME = AppIcon;
				ASSETCATALOG_COMPILER_GLOBAL_ACCENT_COLOR_NAME = AccentColor;
				CODE_SIGN_STYLE = Automatic;
				CURRENT_PROJECT_VERSION = 1;
				DEVELOPMENT_ASSET_PATHS = "\"DrivUs/Preview Content\"";
				ENABLE_PREVIEWS = YES;
				GENERATE_INFOPLIST_FILE = YES;
				INFOPLIST_KEY_UIApplicationSceneManifest_Generation = YES;
				INFOPLIST_KEY_UIApplicationSupportsIndirectInputEvents = YES;
				INFOPLIST_KEY_UILaunchScreen_Generation = YES;
				INFOPLIST_KEY_UISupportedInterfaceOrientations_iPad = "UIInterfaceOrientationPortrait UIInterfaceOrientationPortraitUpsideDown UIInterfaceOrientationLandscapeLeft UIInterfaceOrientationLandscapeRight";
				INFOPLIST_KEY_UISupportedInterfaceOrientations_iPhone = "UIInterfaceOrientationPortrait UIInterfaceOrientationLandscapeLeft UIInterfaceOrientationLandscapeRight";
				LD_RUNPATH_SEARCH_PATHS = (
					"$(inherited)",
					"@executable_path/Frameworks",
				);
				MARKETING_VERSION = 1.0;
				PRODUCT_BUNDLE_IDENTIFIER = at.htlleonding.DrivUs;
				PRODUCT_NAME = "$(TARGET_NAME)";
				SWIFT_EMIT_LOC_STRINGS = YES;
				SWIFT_VERSION = 5.0;
				TARGETED_DEVICE_FAMILY = "1,2";
			};
			name = Debug;
		};
		FAF6E6292B970BF800CAAD7E /* Release */ = {
			isa = XCBuildConfiguration;
			buildSettings = {
				ASSETCATALOG_COMPILER_APPICON_NAME = AppIcon;
				ASSETCATALOG_COMPILER_GLOBAL_ACCENT_COLOR_NAME = AccentColor;
				CODE_SIGN_STYLE = Automatic;
				CURRENT_PROJECT_VERSION = 1;
				DEVELOPMENT_ASSET_PATHS = "\"DrivUs/Preview Content\"";
				ENABLE_PREVIEWS = YES;
				GENERATE_INFOPLIST_FILE = YES;
				INFOPLIST_KEY_UIApplicationSceneManifest_Generation = YES;
				INFOPLIST_KEY_UIApplicationSupportsIndirectInputEvents = YES;
				INFOPLIST_KEY_UILaunchScreen_Generation = YES;
				INFOPLIST_KEY_UISupportedInterfaceOrientations_iPad = "UIInterfaceOrientationPortrait UIInterfaceOrientationPortraitUpsideDown UIInterfaceOrientationLandscapeLeft UIInterfaceOrientationLandscapeRight";
				INFOPLIST_KEY_UISupportedInterfaceOrientations_iPhone = "UIInterfaceOrientationPortrait UIInterfaceOrientationLandscapeLeft UIInterfaceOrientationLandscapeRight";
				LD_RUNPATH_SEARCH_PATHS = (
					"$(inherited)",
					"@executable_path/Frameworks",
				);
				MARKETING_VERSION = 1.0;
				PRODUCT_BUNDLE_IDENTIFIER = at.htlleonding.DrivUs;
				PRODUCT_NAME = "$(TARGET_NAME)";
				SWIFT_EMIT_LOC_STRINGS = YES;
				SWIFT_VERSION = 5.0;
				TARGETED_DEVICE_FAMILY = "1,2";
			};
			name = Release;
		};
		FAF6E62B2B970BF800CAAD7E /* Debug */ = {
			isa = XCBuildConfiguration;
			buildSettings = {
				ALWAYS_EMBED_SWIFT_STANDARD_LIBRARIES = YES;
				BUNDLE_LOADER = "$(TEST_HOST)";
				CODE_SIGN_STYLE = Automatic;
				CURRENT_PROJECT_VERSION = 1;
				GENERATE_INFOPLIST_FILE = YES;
				IPHONEOS_DEPLOYMENT_TARGET = 17.0;
				MARKETING_VERSION = 1.0;
				PRODUCT_BUNDLE_IDENTIFIER = at.htlleonding.DrivUsTests;
				PRODUCT_NAME = "$(TARGET_NAME)";
				SWIFT_EMIT_LOC_STRINGS = NO;
				SWIFT_VERSION = 5.0;
				TARGETED_DEVICE_FAMILY = "1,2";
				TEST_HOST = "$(BUILT_PRODUCTS_DIR)/DrivUs.app/$(BUNDLE_EXECUTABLE_FOLDER_PATH)/DrivUs";
			};
			name = Debug;
		};
		FAF6E62C2B970BF800CAAD7E /* Release */ = {
			isa = XCBuildConfiguration;
			buildSettings = {
				ALWAYS_EMBED_SWIFT_STANDARD_LIBRARIES = YES;
				BUNDLE_LOADER = "$(TEST_HOST)";
				CODE_SIGN_STYLE = Automatic;
				CURRENT_PROJECT_VERSION = 1;
				GENERATE_INFOPLIST_FILE = YES;
				IPHONEOS_DEPLOYMENT_TARGET = 17.0;
				MARKETING_VERSION = 1.0;
				PRODUCT_BUNDLE_IDENTIFIER = at.htlleonding.DrivUsTests;
				PRODUCT_NAME = "$(TARGET_NAME)";
				SWIFT_EMIT_LOC_STRINGS = NO;
				SWIFT_VERSION = 5.0;
				TARGETED_DEVICE_FAMILY = "1,2";
				TEST_HOST = "$(BUILT_PRODUCTS_DIR)/DrivUs.app/$(BUNDLE_EXECUTABLE_FOLDER_PATH)/DrivUs";
			};
			name = Release;
		};
		FAF6E62E2B970BF800CAAD7E /* Debug */ = {
			isa = XCBuildConfiguration;
			buildSettings = {
				ALWAYS_EMBED_SWIFT_STANDARD_LIBRARIES = YES;
				CODE_SIGN_STYLE = Automatic;
				CURRENT_PROJECT_VERSION = 1;
				GENERATE_INFOPLIST_FILE = YES;
				MARKETING_VERSION = 1.0;
				PRODUCT_BUNDLE_IDENTIFIER = at.htlleonding.DrivUsUITests;
				PRODUCT_NAME = "$(TARGET_NAME)";
				SWIFT_EMIT_LOC_STRINGS = NO;
				SWIFT_VERSION = 5.0;
				TARGETED_DEVICE_FAMILY = "1,2";
				TEST_TARGET_NAME = DrivUs;
			};
			name = Debug;
		};
		FAF6E62F2B970BF800CAAD7E /* Release */ = {
			isa = XCBuildConfiguration;
			buildSettings = {
				ALWAYS_EMBED_SWIFT_STANDARD_LIBRARIES = YES;
				CODE_SIGN_STYLE = Automatic;
				CURRENT_PROJECT_VERSION = 1;
				GENERATE_INFOPLIST_FILE = YES;
				MARKETING_VERSION = 1.0;
				PRODUCT_BUNDLE_IDENTIFIER = at.htlleonding.DrivUsUITests;
				PRODUCT_NAME = "$(TARGET_NAME)";
				SWIFT_EMIT_LOC_STRINGS = NO;
				SWIFT_VERSION = 5.0;
				TARGETED_DEVICE_FAMILY = "1,2";
				TEST_TARGET_NAME = DrivUs;
			};
			name = Release;
		};
/* End XCBuildConfiguration section */

/* Begin XCConfigurationList section */
		FAF6E5FE2B970BF600CAAD7E /* Build configuration list for PBXProject "DrivUs" */ = {
			isa = XCConfigurationList;
			buildConfigurations = (
				FAF6E6252B970BF800CAAD7E /* Debug */,
				FAF6E6262B970BF800CAAD7E /* Release */,
			);
			defaultConfigurationIsVisible = 0;
			defaultConfigurationName = Release;
		};
		FAF6E6272B970BF800CAAD7E /* Build configuration list for PBXNativeTarget "DrivUs" */ = {
			isa = XCConfigurationList;
			buildConfigurations = (
				FAF6E6282B970BF800CAAD7E /* Debug */,
				FAF6E6292B970BF800CAAD7E /* Release */,
			);
			defaultConfigurationIsVisible = 0;
			defaultConfigurationName = Release;
		};
		FAF6E62A2B970BF800CAAD7E /* Build configuration list for PBXNativeTarget "DrivUsTests" */ = {
			isa = XCConfigurationList;
			buildConfigurations = (
				FAF6E62B2B970BF800CAAD7E /* Debug */,
				FAF6E62C2B970BF800CAAD7E /* Release */,
			);
			defaultConfigurationIsVisible = 0;
			defaultConfigurationName = Release;
		};
		FAF6E62D2B970BF800CAAD7E /* Build configuration list for PBXNativeTarget "DrivUsUITests" */ = {
			isa = XCConfigurationList;
			buildConfigurations = (
				FAF6E62E2B970BF800CAAD7E /* Debug */,
				FAF6E62F2B970BF800CAAD7E /* Release */,
			);
			defaultConfigurationIsVisible = 0;
			defaultConfigurationName = Release;
		};
/* End XCConfigurationList section */
	};
	rootObject = FAF6E5FB2B970BF600CAAD7E /* Project object */;
}
